
Microsoft Visual Studio Solution File, Format Version 12.00
# Visual Studio Version 17
VisualStudioVersion = 17.11.35208.52
MinimumVisualStudioVersion = 10.0.40219.1
Project("{FAE04EC0-301F-11D3-BF4B-00C04F79EFBC}") = "MsxChar", "MsxChar.csproj", "{214E07EC-0C99-425C-A317-092C8E0C90F0}"
EndProject
Global
	GlobalSection(SolutionConfigurationPlatforms) = preSolution
		Debug|Any CPU = Debug|Any CPU
		Release|Any CPU = Release|Any CPU
	EndGlobalSection
	GlobalSection(ProjectConfigurationPlatforms) = postSolution
		{214E07EC-0C99-425C-A317-092C8E0C90F0}.Debug|Any CPU.ActiveCfg = Debug|Any CPU
		{214E07EC-0C99-425C-A317-092C8E0C90F0}.Debug|Any CPU.Build.0 = Debug|Any CPU
		{214E07EC-0C99-425C-A317-092C8E0C90F0}.Release|Any CPU.ActiveCfg = Release|Any CPU
		{214E07EC-0C99-425C-A317-092C8E0C90F0}.Release|Any CPU.Build.0 = Release|Any CPU
	EndGlobalSection
	GlobalSection(SolutionProperties) = preSolution
		HideSolutionNode = FALSE
	EndGlobalSection
	GlobalSection(ExtensibilityGlobals) = postSolution
		SolutionGuid = {B91D4E32-44FE-4D63-BBE1-2B2BF29F3E9F}
	EndGlobalSection
EndGlobal
